
Microsoft Visual Studio Solution File, Format Version 12.00
# Visual Studio Version 16
VisualStudioVersion = 16.0.29411.108
MinimumVisualStudioVersion = 10.0.40219.1
Project("{FAE04EC0-301F-11D3-BF4B-00C04F79EFBC}") = "TaskWorkspace", "src\TaskWorkspace\TaskWorkspace.csproj", "{AB56591E-97F9-4BB2-8B92-C5188BF923CC}"
EndProject
Global
	GlobalSection(SolutionConfigurationPlatforms) = preSolution
		Debug|Any CPU = Debug|Any CPU
		Release|Any CPU = Release|Any CPU
	EndGlobalSection
	GlobalSection(ProjectConfigurationPlatforms) = postSolution
		{AB56591E-97F9-4BB2-8B92-C5188BF923CC}.Debug|Any CPU.ActiveCfg = Debug|Any CPU
		{AB56591E-97F9-4BB2-8B92-C5188BF923CC}.Debug|Any CPU.Build.0 = Debug|Any CPU
		{AB56591E-97F9-4BB2-8B92-C5188BF923CC}.Release|Any CPU.ActiveCfg = Release|Any CPU
		{AB56591E-97F9-4BB2-8B92-C5188BF923CC}.Release|Any CPU.Build.0 = Release|Any CPU
	EndGlobalSection
	GlobalSection(SolutionProperties) = preSolution
		HideSolutionNode = FALSE
	EndGlobalSection
	GlobalSection(ExtensibilityGlobals) = postSolution
		SolutionGuid = {EF1C7C10-F0E1-41E4-A2F1-B3577833A307}
	EndGlobalSection
EndGlobal
